
Microsoft Visual Studio Solution File, Format Version 12.00
# Visual Studio Version 17
VisualStudioVersion = 17.9.34701.34
MinimumVisualStudioVersion = 10.0.40219.1
Project("{9A19103F-16F7-4668-BE54-9A1E7A4F7556}") = "Medico", "Medico\Medico.csproj", "{6B76182F-3BD7-4280-89F5-DDBB78C06060}"
EndProject
Project("{9A19103F-16F7-4668-BE54-9A1E7A4F7556}") = "Medico.Client", "Medico.Client\Medico.Client.csproj", "{F8CF6EFF-7F4C-4641-A4F2-B19A7F8A7DCC}"
EndProject
Global
	GlobalSection(SolutionConfigurationPlatforms) = preSolution
		Debug|Any CPU = Debug|Any CPU
		Release|Any CPU = Release|Any CPU
	EndGlobalSection
	GlobalSection(ProjectConfigurationPlatforms) = postSolution
		{6B76182F-3BD7-4280-89F5-DDBB78C06060}.Debug|Any CPU.ActiveCfg = Debug|Any CPU
		{6B76182F-3BD7-4280-89F5-DDBB78C06060}.Debug|Any CPU.Build.0 = Debug|Any CPU
		{6B76182F-3BD7-4280-89F5-DDBB78C06060}.Release|Any CPU.ActiveCfg = Release|Any CPU
		{6B76182F-3BD7-4280-89F5-DDBB78C06060}.Release|Any CPU.Build.0 = Release|Any CPU
		{F8CF6EFF-7F4C-4641-A4F2-B19A7F8A7DCC}.Debug|Any CPU.ActiveCfg = Debug|Any CPU
		{F8CF6EFF-7F4C-4641-A4F2-B19A7F8A7DCC}.Debug|Any CPU.Build.0 = Debug|Any CPU
		{F8CF6EFF-7F4C-4641-A4F2-B19A7F8A7DCC}.Release|Any CPU.ActiveCfg = Release|Any CPU
		{F8CF6EFF-7F4C-4641-A4F2-B19A7F8A7DCC}.Release|Any CPU.Build.0 = Release|Any CPU
	EndGlobalSection
	GlobalSection(SolutionProperties) = preSolution
		HideSolutionNode = FALSE
	EndGlobalSection
	GlobalSection(ExtensibilityGlobals) = postSolution
		SolutionGuid = {A4D3E4A9-F44E-484F-9659-5085D8D71C8F}
	EndGlobalSection
EndGlobal
